version = 1
requires-python = ">=3.8"

[[package]]
name = "certifi"
version = "2024.12.14"
source = { registry = "https://pypi.org/simple" }
sdist = { url = "https://files.pythonhosted.org/packages/0f/bd/1d41ee578ce09523c81a15426705dd20969f5abf006d1afe8aeff0dd776a/certifi-2024.12.14.tar.gz", hash = "sha256:b650d30f370c2b724812bee08008be0c4163b163ddaec3f2546c1caf65f191db", size = 166010 }
wheels = [
    { url = "https://files.pythonhosted.org/packages/a5/32/8f6669fc4798494966bf446c8c4a162e0b5d893dff088afddf76414f70e1/certifi-2024.12.14-py3-none-any.whl", hash = "sha256:1275f7a45be9464efc1173084eaa30f866fe2e47d389406136d332ed4967ec56", size = 164927 },
]

[[package]]
name = "charset-normalizer"
version = "2.0.12"
source = { registry = "https://pypi.org/simple" }
sdist = { url = "https://files.pythonhosted.org/packages/56/31/7bcaf657fafb3c6db8c787a865434290b726653c912085fbd371e9b92e1c/charset-normalizer-2.0.12.tar.gz", hash = "sha256:2857e29ff0d34db842cd7ca3230549d1a697f96ee6d3fb071cfa6c7393832597", size = 79105 }
wheels = [
    { url = "https://files.pythonhosted.org/packages/06/b3/24afc8868eba069a7f03650ac750a778862dc34941a4bebeb58706715726/charset_normalizer-2.0.12-py3-none-any.whl", hash = "sha256:6881edbebdb17b39b4eaaa821b438bf6eddffb4468cf344f09f89def34a8b1df", size = 39623 },
]

[[package]]
name = "idna"
version = "3.10"
source = { registry = "https://pypi.org/simple" }
sdist = { url = "https://files.pythonhosted.org/packages/f1/70/7703c29685631f5a7590aa73f1f1d3fa9a380e654b86af429e0934a32f7d/idna-3.10.tar.gz", hash = "sha256:12f65c9b470abda6dc35cf8e63cc574b1c52b11df2c86030af0ac09b01b13ea9", size = 190490 }
wheels = [
    { url = "https://files.pythonhosted.org/packages/76/c6/c88e154df9c4e1a2a66ccf0005a88dfb2650c1dffb6f5ce603dfbd452ce3/idna-3.10-py3-none-any.whl", hash = "sha256:946d195a0d259cbba61165e88e65941f16e9b36ea6ddb97f00452bae8b1287d3", size = 70442 },
]

[[package]]
name = "mypy"
version = "0.971"
source = { registry = "https://pypi.org/simple" }
dependencies = [
    { name = "mypy-extensions" },
    { name = "tomli", marker = "python_full_version < '3.11'" },
    { name = "typing-extensions" },
]
sdist = { url = "https://files.pythonhosted.org/packages/5e/66/00f7f751140fe6953603fb0cd56dee0314842cfe358884ca3025589ca81c/mypy-0.971.tar.gz", hash = "sha256:40b0f21484238269ae6a57200c807d80debc6459d444c0489a102d7c6a75fa56", size = 2757982 }
wheels = [
    { url = "https://files.pythonhosted.org/packages/2c/97/ff71b0cdf61065db040ffe34ae88852d2a47de8b2b49c51608caf03771ed/mypy-0.971-cp310-cp310-macosx_10_9_universal2.whl", hash = "sha256:f2899a3cbd394da157194f913a931edfd4be5f274a88041c9dc2d9cdcb1c315c", size = 18495630 },
    { url = "https://files.pythonhosted.org/packages/18/e1/d3e577229691dae4c8039cd87ef981482812ba7c5f5999fd67127af0f8a1/mypy-0.971-cp310-cp310-macosx_10_9_x86_64.whl", hash = "sha256:98e02d56ebe93981c41211c05adb630d1d26c14195d04d95e49cd97dbc046dc5", size = 11062018 },
    { url = "https://files.pythonhosted.org/packages/f9/be/e5c50777159473c8dfb7cb512e62fbca19df4a6e9db711f17d77c14fb62b/mypy-0.971-cp310-cp310-macosx_11_0_arm64.whl", hash = "sha256:19830b7dba7d5356d3e26e2427a2ec91c994cd92d983142cbd025ebe81d69cf3", size = 10017604 },
    { url = "https://files.pythonhosted.org/packages/f0/b7/d39405fb53e0ae99c26cba3c8ab50717eafb7aeb64beea6efbd42a17ef82/mypy-0.971-cp310-cp310-manylinux_2_5_x86_64.manylinux1_x86_64.manylinux_2_12_x86_64.manylinux2010_x86_64.whl", hash = "sha256:02ef476f6dcb86e6f502ae39a16b93285fef97e7f1ff22932b657d1ef1f28655", size = 17645516 },
    { url = "https://files.pythonhosted.org/packages/9e/01/a81de921bc3efde879f6eab5ff4d4bb33b037581f78eccfa28a47105d0b3/mypy-0.971-cp310-cp310-win_amd64.whl", hash = "sha256:25c5750ba5609a0c7550b73a33deb314ecfb559c350bb050b655505e8aed4103", size = 8739572 },
    { url = "https://files.pythonhosted.org/packages/77/a8/adecd715710c9338586af6a6fe66055a6b4c6799364fbe24505154ca8fd4/mypy-0.971-cp38-cp38-macosx_10_9_universal2.whl", hash = "sha256:9796a2ba7b4b538649caa5cecd398d873f4022ed2333ffde58eaf604c4d2cb27", size = 18389736 },
    { url = "https://files.pythonhosted.org/packages/4c/7f/c20f9283d6659c6ebf790cbc4c12183ceaa4adf8c03df15369c220b2c03a/mypy-0.971-cp38-cp38-macosx_10_9_x86_64.whl", hash = "sha256:5a361d92635ad4ada1b1b2d3630fc2f53f2127d51cf2def9db83cba32e47c856", size = 10999183 },
    { url = "https://files.pythonhosted.org/packages/c7/13/8202db537028ac473c05f43c046bf547a0c4be0454d9ddab0c7a68525ee9/mypy-0.971-cp38-cp38-macosx_11_0_arm64.whl", hash = "sha256:b793b899f7cf563b1e7044a5c97361196b938e92f0a4343a5d27966a53d2ec71", size = 9974998 },
    { url = "https://files.pythonhosted.org/packages/34/6f/232461e55913d1320f33fc7e8fa8119af9db6182876093e9de189df9dbbe/mypy-0.971-cp38-cp38-manylinux_2_5_x86_64.manylinux1_x86_64.manylinux_2_12_x86_64.manylinux2010_x86_64.whl", hash = "sha256:d1ea5d12c8e2d266b5fb8c7a5d2e9c0219fedfeb493b7ed60cd350322384ac27", size = 17346581 },
    { url = "https://files.pythonhosted.org/packages/74/e5/e65b82813bdea739266e590e5fda72ec991c3e1223135342724a997fb3ff/mypy-0.971-cp38-cp38-win_amd64.whl", hash = "sha256:23c7ff43fff4b0df93a186581885c8512bc50fc4d4910e0f838e35d6bb6b5e58", size = 8719594 },
    { url = "https://files.pythonhosted.org/packages/01/2d/7aab0a38e05dcaf14bf1f3e238f1c1a6f7bc16065eb1db8ffed62f860d27/mypy-0.971-cp39-cp39-macosx_10_9_universal2.whl", hash = "sha256:1f7656b69974a6933e987ee8ffb951d836272d6c0f81d727f1d0e2696074d9e6", size = 18486774 },
    { url = "https://files.pythonhosted.org/packages/15/61/ffc2cf8cd1507f29444a50d0a93ecd3cc9a267c019f8c705447f40b6180d/mypy-0.971-cp39-cp39-macosx_10_9_x86_64.whl", hash = "sha256:d2022bfadb7a5c2ef410d6a7c9763188afdb7f3533f22a0a32be10d571ee4bbe", size = 11055594 },
    { url = "https://files.pythonhosted.org/packages/0b/02/644d6c498e9379f76ce5128a15f92281621770510f0fb9e321b530e1cd2c/mypy-0.971-cp39-cp39-macosx_11_0_arm64.whl", hash = "sha256:ef943c72a786b0f8d90fd76e9b39ce81fb7171172daf84bf43eaf937e9f220a9", size = 10010336 },
    { url = "https://files.pythonhosted.org/packages/9a/f6/51c1fe6dcd657fbecb130bd78ea665a26e0c44e637373de6ac141a54f83c/mypy-0.971-cp39-cp39-manylinux_2_5_x86_64.manylinux1_x86_64.manylinux_2_12_x86_64.manylinux2010_x86_64.whl", hash = "sha256:d744f72eb39f69312bc6c2abf8ff6656973120e2eb3f3ec4f758ed47e414a4bf", size = 17609774 },
    { url = "https://files.pythonhosted.org/packages/77/91/53304c05871cc38e95e7e5c3e2d0f84c1822d61a731c02434a20b12ea118/mypy-0.971-cp39-cp39-win_amd64.whl", hash = "sha256:77a514ea15d3007d33a9e2157b0ba9c267496acf12a7f2b9b9f8446337aac5b0", size = 8738328 },
    { url = "https://files.pythonhosted.org/packages/6c/c6/20dd5b70962af557101b2d3a7052f8298a3e94708b62bc5ad7ca713b59bb/mypy-0.971-py3-none-any.whl", hash = "sha256:0d054ef16b071149917085f51f89555a576e2618d5d9dd70bd6eea6410af3ac9", size = 2550912 },
]

[[package]]
name = "mypy-extensions"
version = "1.0.0"
source = { registry = "https://pypi.org/simple" }
sdist = { url = "https://files.pythonhosted.org/packages/98/a4/1ab47638b92648243faf97a5aeb6ea83059cc3624972ab6b8d2316078d3f/mypy_extensions-1.0.0.tar.gz", hash = "sha256:75dbf8955dc00442a438fc4d0666508a9a97b6bd41aa2f0ffe9d2f2725af0782", size = 4433 }
wheels = [
    { url = "https://files.pythonhosted.org/packages/2a/e2/5d3f6ada4297caebe1a2add3b126fe800c96f56dbe5d1988a2cbe0b267aa/mypy_extensions-1.0.0-py3-none-any.whl", hash = "sha256:4392f6c0eb8a5668a69e23d168ffa70f0be9ccfd32b5cc2d26a34ae5b844552d", size = 4695 },
]

[[package]]
name = "python-payway"
version = "0.0.4"
source = { editable = "." }
dependencies = [
    { name = "mypy" },
    { name = "requests" },
    { name = "ruff" },
]

[package.metadata]
requires-dist = [
    { name = "mypy", specifier = ">=0.971" },
    { name = "requests", specifier = ">=2.20.0" },
    { name = "ruff", specifier = "==0.6.6" },
]

[[package]]
name = "requests"
version = "2.27.1"
source = { registry = "https://pypi.org/simple" }
dependencies = [
    { name = "certifi" },
    { name = "charset-normalizer" },
    { name = "idna" },
    { name = "urllib3" },
]
sdist = { url = "https://files.pythonhosted.org/packages/60/f3/26ff3767f099b73e0efa138a9998da67890793bfa475d8278f84a30fec77/requests-2.27.1.tar.gz", hash = "sha256:68d7c56fd5a8999887728ef304a6d12edc7be74f1cfa47714fc8b414525c9a61", size = 106758 }
wheels = [
    { url = "https://files.pythonhosted.org/packages/2d/61/08076519c80041bc0ffa1a8af0cbd3bf3e2b62af10435d269a9d0f40564d/requests-2.27.1-py2.py3-none-any.whl", hash = "sha256:f22fa1e554c9ddfd16e6e41ac79759e17be9e492b3587efa038054674760e72d", size = 63133 },
]

[[package]]
name = "ruff"
version = "0.6.6"
source = { registry = "https://pypi.org/simple" }
sdist = { url = "https://files.pythonhosted.org/packages/70/47/8220a40d1e60042d3a3a1cdf81cbafe674475cf8d60db2e28d0e4e004069/ruff-0.6.6.tar.gz", hash = "sha256:0fc030b6fd14814d69ac0196396f6761921bd20831725c7361e1b8100b818034", size = 3070828 }
wheels = [
    { url = "https://files.pythonhosted.org/packages/25/34/a34080926faed8ee41a4faf34e5993e367cd414cec543301113b0930f640/ruff-0.6.6-py3-none-linux_armv6l.whl", hash = "sha256:f5bc5398457484fc0374425b43b030e4668ed4d2da8ee7fdda0e926c9f11ccfb", size = 11353484 },
    { url = "https://files.pythonhosted.org/packages/22/ad/9c0b2fae42bfb54b91161b29b6b73bf73bfe7ddc03d5d3d0b4884a49df95/ruff-0.6.6-py3-none-macosx_10_12_x86_64.whl", hash = "sha256:515a698254c9c47bb84335281a170213b3ee5eb47feebe903e1be10087a167ce", size = 11011998 },
    { url = "https://files.pythonhosted.org/packages/93/69/e406b534cbe2f4b992de0f4a8f9a790e4b93a3f5ca56f151e2665db95625/ruff-0.6.6-py3-none-macosx_11_0_arm64.whl", hash = "sha256:6bb1b4995775f1837ab70f26698dd73852bbb82e8f70b175d2713c0354fe9182", size = 10524580 },
    { url = "https://files.pythonhosted.org/packages/26/5b/2e6fd424d78bd942dbf51f4a29512d5e698bfd9cad1245ad50ea679d5aa8/ruff-0.6.6-py3-none-manylinux_2_17_aarch64.manylinux2014_aarch64.whl", hash = "sha256:69c546f412dfae8bb9cc4f27f0e45cdd554e42fecbb34f03312b93368e1cd0a6", size = 11652644 },
    { url = "https://files.pythonhosted.org/packages/05/73/e6eab18071ac908135bcc9873c0bde240cffd8d5cfcfef8efa00eae186e4/ruff-0.6.6-py3-none-manylinux_2_17_armv7l.manylinux2014_armv7l.whl", hash = "sha256:59627e97364329e4eae7d86fa7980c10e2b129e2293d25c478ebcb861b3e3fd6", size = 11096545 },
    { url = "https://files.pythonhosted.org/packages/63/64/e8da4e45174067e584f4d1105a160e018d8148158da7275a52f6090bd4bc/ruff-0.6.6-py3-none-manylinux_2_17_i686.manylinux2014_i686.whl", hash = "sha256:94c3f78c3d32190aafbb6bc5410c96cfed0a88aadb49c3f852bbc2aa9783a7d8", size = 12005773 },
    { url = "https://files.pythonhosted.org/packages/2b/71/57fb76dc5a93cfa2c7d2a848d0c103e493c6553db3cbf30d642da522ee38/ruff-0.6.6-py3-none-manylinux_2_17_ppc64.manylinux2014_ppc64.whl", hash = "sha256:704da526c1e137f38c8a067a4a975fe6834b9f8ba7dbc5fd7503d58148851b8f", size = 12758296 },
    { url = "https://files.pythonhosted.org/packages/5a/85/583c969d1b6725aefeef2eb45e88e8ea55c30e017be8e158c322ee8bea56/ruff-0.6.6-py3-none-manylinux_2_17_ppc64le.manylinux2014_ppc64le.whl", hash = "sha256:efeede5815a24104579a0f6320660536c5ffc1c91ae94f8c65659af915fb9de9", size = 12295191 },
    { url = "https://files.pythonhosted.org/packages/a6/eb/7496d2de40818ea32c0ffb75aff405b9de7dda079bcdd45952eb17216e37/ruff-0.6.6-py3-none-manylinux_2_17_s390x.manylinux2014_s390x.whl", hash = "sha256:e368aef0cc02ca3593eae2fb8186b81c9c2b3f39acaaa1108eb6b4d04617e61f", size = 13402527 },
    { url = "https://files.pythonhosted.org/packages/71/27/873696e146821535c84ad2a8dc488fe78298cd0fd1a0d24a946991363b50/ruff-0.6.6-py3-none-manylinux_2_17_x86_64.manylinux2014_x86_64.whl", hash = "sha256:2653fc3b2a9315bd809725c88dd2446550099728d077a04191febb5ea79a4f79", size = 11872520 },
    { url = "https://files.pythonhosted.org/packages/fd/88/6da14ef37b88c42191246a217c58e1d5f0a83db9748e018e94ad05936466/ruff-0.6.6-py3-none-musllinux_1_2_aarch64.whl", hash = "sha256:bb858cd9ce2d062503337c5b9784d7b583bcf9d1a43c4df6ccb5eab774fbafcb", size = 11683880 },
    { url = "https://files.pythonhosted.org/packages/37/a3/8b9650748f72552e83f11f1d16786a24346128f4460d5b6945ed1f651901/ruff-0.6.6-py3-none-musllinux_1_2_armv7l.whl", hash = "sha256:488f8e15c01ea9afb8c0ba35d55bd951f484d0c1b7c5fd746ce3c47ccdedce68", size = 11186349 },
    { url = "https://files.pythonhosted.org/packages/ba/92/49523f745cf2330de1347110048cfd453de9486bef5498360595b6627074/ruff-0.6.6-py3-none-musllinux_1_2_i686.whl", hash = "sha256:aefb0bd15f1cfa4c9c227b6120573bb3d6c4ee3b29fb54a5ad58f03859bc43c6", size = 11555881 },
    { url = "https://files.pythonhosted.org/packages/99/cc/cd9ca48cb0b9b1b52710dd2f1e30c347f6cee5c455b53368665d274bfcd4/ruff-0.6.6-py3-none-musllinux_1_2_x86_64.whl", hash = "sha256:a4c0698cc780bcb2c61496cbd56b6a3ac0ad858c966652f7dbf4ceb029252fbe", size = 11956426 },
    { url = "https://files.pythonhosted.org/packages/9d/a2/35c45a784d86daf6dab1510cbb5e572bee33b5c035e6f8e78f510c393acf/ruff-0.6.6-py3-none-win32.whl", hash = "sha256:aadf81ddc8ab5b62da7aae78a91ec933cbae9f8f1663ec0325dae2c364e4ad84", size = 9263539 },
    { url = "https://files.pythonhosted.org/packages/4a/87/c2a6fa6d1ec73a0f8b0713d69a29f8cdc17b251cd0e0ca3a96a78246ddce/ruff-0.6.6-py3-none-win_amd64.whl", hash = "sha256:0adb801771bc1f1b8cf4e0a6fdc30776e7c1894810ff3b344e50da82ef50eeb1", size = 10114810 },
    { url = "https://files.pythonhosted.org/packages/aa/b3/bfe8725d1c38addc86a2b5674ba4e3fd8ab3edb320dcd3f815b227b78b84/ruff-0.6.6-py3-none-win_arm64.whl", hash = "sha256:4b4d32c137bc781c298964dd4e52f07d6f7d57c03eae97a72d97856844aa510a", size = 9485847 },
]

[[package]]
name = "tomli"
version = "1.2.3"
source = { registry = "https://pypi.org/simple" }
sdist = { url = "https://files.pythonhosted.org/packages/fb/2e/d0a8276b0cf9b9e34fd0660c330acc59656f53bb2209adc75af863a3582d/tomli-1.2.3.tar.gz", hash = "sha256:05b6166bff487dc068d322585c7ea4ef78deed501cc124060e0f238e89a9231f", size = 15094 }
wheels = [
    { url = "https://files.pythonhosted.org/packages/05/e4/74f9440db36734d7ba83c574c1e7024009ce849208a41f90e94a134dc6d1/tomli-1.2.3-py3-none-any.whl", hash = "sha256:e3069e4be3ead9668e21cb9b074cd948f7b3113fd9c8bba083f48247aab8b11c", size = 12122 },
]

[[package]]
name = "typing-extensions"
version = "4.1.1"
source = { registry = "https://pypi.org/simple" }
sdist = { url = "https://files.pythonhosted.org/packages/b1/5a/8b5fbb891ef3f81fc923bf3cb4a578c0abf9471eb50ce0f51c74212182ab/typing_extensions-4.1.1.tar.gz", hash = "sha256:1a9462dcc3347a79b1f1c0271fbe79e844580bb598bafa1ed208b94da3cdcd42", size = 26694 }
wheels = [
    { url = "https://files.pythonhosted.org/packages/45/6b/44f7f8f1e110027cf88956b59f2fad776cca7e1704396d043f89effd3a0e/typing_extensions-4.1.1-py3-none-any.whl", hash = "sha256:21c85e0fe4b9a155d0799430b0ad741cdce7e359660ccbd8b530613e8df88ce2", size = 26844 },
]

[[package]]
name = "urllib3"
version = "1.26.20"
source = { registry = "https://pypi.org/simple" }
sdist = { url = "https://files.pythonhosted.org/packages/e4/e8/6ff5e6bc22095cfc59b6ea711b687e2b7ed4bdb373f7eeec370a97d7392f/urllib3-1.26.20.tar.gz", hash = "sha256:40c2dc0c681e47eb8f90e7e27bf6ff7df2e677421fd46756da1161c39ca70d32", size = 307380 }
wheels = [
    { url = "https://files.pythonhosted.org/packages/33/cf/8435d5a7159e2a9c83a95896ed596f68cf798005fe107cc655b5c5c14704/urllib3-1.26.20-py2.py3-none-any.whl", hash = "sha256:0ed14ccfbf1c30a9072c7ca157e4319b70d65f623e91e7b32fadb2853431016e", size = 144225 },
]
